
Microsoft Visual Studio Solution File, Format Version 12.00
# Visual Studio Version 17
VisualStudioVersion = 17.4.33213.308
MinimumVisualStudioVersion = 10.0.40219.1
Project("{FAE04EC0-301F-11D3-BF4B-00C04F79EFBC}") = "MyShop", "MyShop\MyShop.csproj", "{5BA81905-D192-4879-B798-BE12F3035E47}"
EndProject
Global
	GlobalSection(SolutionConfigurationPlatforms) = preSolution
		Debug|Any CPU = Debug|Any CPU
		Release|Any CPU = Release|Any CPU
	EndGlobalSection
	GlobalSection(ProjectConfigurationPlatforms) = postSolution
		{5BA81905-D192-4879-B798-BE12F3035E47}.Debug|Any CPU.ActiveCfg = Debug|Any CPU
		{5BA81905-D192-4879-B798-BE12F3035E47}.Debug|Any CPU.Build.0 = Debug|Any CPU
		{5BA81905-D192-4879-B798-BE12F3035E47}.Release|Any CPU.ActiveCfg = Release|Any CPU
		{5BA81905-D192-4879-B798-BE12F3035E47}.Release|Any CPU.Build.0 = Release|Any CPU
	EndGlobalSection
	GlobalSection(SolutionProperties) = preSolution
		HideSolutionNode = FALSE
	EndGlobalSection
	GlobalSection(ExtensibilityGlobals) = postSolution
		SolutionGuid = {CFFB6830-8A95-4DC6-9FB1-87D7C2D427A5}
	EndGlobalSection
EndGlobal
